
Microsoft Visual Studio Solution File, Format Version 12.00
# Visual Studio Version 17
VisualStudioVersion = 17.9.34616.47
MinimumVisualStudioVersion = 10.0.40219.1
Project("{FAE04EC0-301F-11D3-BF4B-00C04F79EFBC}") = "CaixaEletronicoConsoleApp", "CaixaEletronicoConsoleApp\CaixaEletronicoConsoleApp.csproj", "{8E4F8818-28F7-4235-9AA2-5288C28AF15A}"
EndProject
Global
	GlobalSection(SolutionConfigurationPlatforms) = preSolution
		Debug|Any CPU = Debug|Any CPU
		Release|Any CPU = Release|Any CPU
	EndGlobalSection
	GlobalSection(ProjectConfigurationPlatforms) = postSolution
		{8E4F8818-28F7-4235-9AA2-5288C28AF15A}.Debug|Any CPU.ActiveCfg = Debug|Any CPU
		{8E4F8818-28F7-4235-9AA2-5288C28AF15A}.Debug|Any CPU.Build.0 = Debug|Any CPU
		{8E4F8818-28F7-4235-9AA2-5288C28AF15A}.Release|Any CPU.ActiveCfg = Release|Any CPU
		{8E4F8818-28F7-4235-9AA2-5288C28AF15A}.Release|Any CPU.Build.0 = Release|Any CPU
	EndGlobalSection
	GlobalSection(SolutionProperties) = preSolution
		HideSolutionNode = FALSE
	EndGlobalSection
	GlobalSection(ExtensibilityGlobals) = postSolution
		SolutionGuid = {4D00D9DE-63A7-4620-8E79-56B788265B7E}
	EndGlobalSection
EndGlobal
